Microsoft Visual Studio Solution File, Format Version 12.00
# Visual Studio Version 17
VisualStudioVersion = 17.5.2.0
MinimumVisualStudioVersion = 10.0.40219.1
Project("{FAE04EC0-301F-11D3-BF4B-00C04F79EFBC}") = "FishProj", "FishProj.csproj", "{7C87EA1C-D042-962F-7D0F-6DDDF02738B1}"
EndProject
Global
	GlobalSection(SolutionConfigurationPlatforms) = preSolution
		Debug|Any CPU = Debug|Any CPU
		Release|Any CPU = Release|Any CPU
	EndGlobalSection
	GlobalSection(ProjectConfigurationPlatforms) = postSolution
		{7C87EA1C-D042-962F-7D0F-6DDDF02738B1}.Debug|Any CPU.ActiveCfg = Debug|Any CPU
		{7C87EA1C-D042-962F-7D0F-6DDDF02738B1}.Debug|Any CPU.Build.0 = Debug|Any CPU
		{7C87EA1C-D042-962F-7D0F-6DDDF02738B1}.Release|Any CPU.ActiveCfg = Release|Any CPU
		{7C87EA1C-D042-962F-7D0F-6DDDF02738B1}.Release|Any CPU.Build.0 = Release|Any CPU
	EndGlobalSection
	GlobalSection(SolutionProperties) = preSolution
		HideSolutionNode = FALSE
	EndGlobalSection
	GlobalSection(ExtensibilityGlobals) = postSolution
		SolutionGuid = {726291A6-D7B3-44A6-873B-A7E6ED6BAAD9}
	EndGlobalSection
EndGlobal
